// !$*UTF8*$!
{
	archiveVersion = 1;
	classes = {
	};
	objectVersion = 46;
	objects = {

/* Begin PBXBuildFile section */
		33D909FF1EE7EEBD0056FBCF /* AppDelegate.swift in Sources */ = {isa = PBXBuildFile; fileRef = 33D909FE1EE7EEBD0056FBCF /* AppDelegate.swift */; };
		33D90A011EE7EEBD0056FBCF /* ViewController.swift in Sources */ = {isa = PBXBuildFile; fileRef = 33D90A001EE7EEBD0056FBCF /* ViewController.swift */; };
		33D90A041EE7EEBD0056FBCF /* Main.storyboard in Resources */ = {isa = PBXBuildFile; fileRef = 33D90A021EE7EEBD0056FBCF /* Main.storyboard */; };
		33D90A061EE7EEBD0056FBCF /* Assets.xcassets in Resources */ = {isa = PBXBuildFile; fileRef = 33D90A051EE7EEBD0056FBCF /* Assets.xcassets */; };
		33D90A091EE7EEBD0056FBCF /* LaunchScreen.storyboard in Resources */ = {isa = PBXBuildFile; fileRef = 33D90A071EE7EEBD0056FBCF /* LaunchScreen.storyboard */; };
		33D90A111EE7F0DC0056FBCF /* CatogoriesRow.swift in Sources */ = {isa = PBXBuildFile; fileRef = 33D90A101EE7F0DC0056FBCF /* CatogoriesRow.swift */; };
/* End PBXBuildFile section */

/* Begin PBXFileReference section */
		33D909FB1EE7EEBD0056FBCF /* TestScrollTableView.app */ = {isa = PBXFileReference; explicitFileType = wrapper.application; includeInIndex = 0; path = TestScrollTableView.app; sourceTree = BUILT_PRODUCTS_DIR; };
		33D909FE1EE7EEBD0056FBCF /* AppDelegate.swift */ = {isa = PBXFileReference; lastKnownFileType = sourcecode.swift; path = AppDelegate.swift; sourceTree = "<group>"; };
		33D90A001EE7EEBD0056FBCF /* ViewController.swift */ = {isa = PBXFileReference; lastKnownFileType = sourcecode.swift; path = ViewController.swift; sourceTree = "<group>"; };
		33D90A031EE7EEBD0056FBCF /* Base */ = {isa = PBXFileReference; lastKnownFileType = file.storyboard; name = Base; path = Base.lproj/Main.storyboard; sourceTree = "<group>"; };
		33D90A051EE7EEBD0056FBCF /* Assets.xcassets */ = {isa = PBXFileReference; lastKnownFileType = folder.assetcatalog; path = Assets.xcassets; sourceTree = "<group>"; };
		33D90A081EE7EEBD0056FBCF /* Base */ = {isa = PBXFileReference; lastKnownFileType = file.storyboard; name = Base; path = Base.lproj/LaunchScreen.storyboard; sourceTree = "<group>"; };
		33D90A0A1EE7EEBD0056FBCF /* Info.plist */ = {isa = PBXFileReference; lastKnownFileType = text.plist.xml; path = Info.plist; sourceTree = "<group>"; };
		33D90A101EE7F0DC0056FBCF /* CatogoriesRow.swift */ = {isa = PBXFileReference; fileEncoding = 4; lastKnownFileType = sourcecode.swift; path = CatogoriesRow.swift; sourceTree = "<group>"; };
/* End PBXFileReference section */

/* Begin PBXFrameworksBuildPhase section */
		33D909F81EE7EEBD0056FBCF /* Frameworks */ = {
			isa = PBXFrameworksBuildPhase;
			buildActionMask = 2147483647;
			files = (
			);
			runOnlyForDeploymentPostprocessing = 0;
		};
/* End PBXFrameworksBuildPhase section */

/* Begin PBXGroup section */
		33D909F21EE7EEBC0056FBCF = {
			isa = PBXGroup;
			children = (
				33D909FD1EE7EEBD0056FBCF /* TestScrollTableView */,
				33D909FC1EE7EEBD0056FBCF /* Products */,
			);
			sourceTree = "<group>";
		};
		33D909FC1EE7EEBD0056FBCF /* Products */ = {
			isa = PBXGroup;
			children = (
				33D909FB1EE7EEBD0056FBCF /* TestScrollTableView.app */,
			);
			name = Products;
			sourceTree = "<group>";
		};
		33D909FD1EE7EEBD0056FBCF /* TestScrollTableView */ = {
			isa = PBXGroup;
			children = (
				33D909FE1EE7EEBD0056FBCF /* AppDelegate.swift */,
				33D90A001EE7EEBD0056FBCF /* ViewController.swift */,
				33D90A101EE7F0DC0056FBCF /* CatogoriesRow.swift */,
				33D90A021EE7EEBD0056FBCF /* Main.storyboard */,
				33D90A051EE7EEBD0056FBCF /* Assets.xcassets */,
				33D90A071EE7EEBD0056FBCF /* LaunchScreen.storyboard */,
				33D90A0A1EE7EEBD0056FBCF /* Info.plist */,
			);
			path = TestScrollTableView;
			sourceTree = "<group>";
		};
/* End PBXGroup section */

/* Begin PBXNativeTarget section */
		33D909FA1EE7EEBD0056FBCF /* TestScrollTableView */ = {
			isa = PBXNativeTarget;
			buildConfigurationList = 33D90A0D1EE7EEBD0056FBCF /* Build configuration list for PBXNativeTarget "TestScrollTableView" */;
			buildPhases = (
				33D909F71EE7EEBD0056FBCF /* Sources */,
				33D909F81EE7EEBD0056FBCF /* Frameworks */,
				33D909F91EE7EEBD0056FBCF /* Resources */,
			);
			buildRules = (
			);
			dependencies = (
			);
			name = TestScrollTableView;
			productName = TestScrollTableView;
			productReference = 33D909FB1EE7EEBD0056FBCF /* TestScrollTableView.app */;
			productType = "com.apple.product-type.application";
		};
/* End PBXNativeTarget section */

/* Begin PBXProject section */
		33D909F31EE7EEBC0056FBCF /* Project object */ = {
			isa = PBXProject;
			attributes = {
				LastSwiftUpdateCheck = 0830;
				LastUpgradeCheck = 0830;
				ORGANIZATIONNAME = "RD-WilleyLo";
				TargetAttributes = {
					33D909FA1EE7EEBD0056FBCF = {
						CreatedOnToolsVersion = 8.3.3;
						DevelopmentTeam = HV7YQRBGLU;
						ProvisioningStyle = Automatic;
					};
				};
			};
			buildConfigurationList = 33D909F61EE7EEBC0056FBCF /* Build configuration list for PBXProject "TestScrollTableView" */;
			compatibilityVersion = "Xcode 3.2";
			developmentRegion = English;
			hasScannedForEncodings = 0;
			knownRegions = (
				en,
				Base,
			);
			mainGroup = 33D909F21EE7EEBC0056FBCF;
			productRefGroup = 33D909FC1EE7EEBD0056FBCF /* Products */;
			projectDirPath = "";
			projectRoot = "";
			targets = (
				33D909FA1EE7EEBD0056FBCF /* TestScrollTableView */,
			);
		};
/* End PBXProject section */

/* Begin PBXResourcesBuildPhase section */
		33D909F91EE7EEBD0056FBCF /* Resources */ = {
			isa = PBXResourcesBuildPhase;
			buildActionMask = 2147483647;
			files = (
				33D90A091EE7EEBD0056FBCF /* LaunchScreen.storyboard in Resources */,
				33D90A061EE7EEBD0056FBCF /* Assets.xcassets in Resources */,
				33D90A041EE7EEBD0056FBCF /* Main.storyboard in Resources */,
			);
			runOnlyForDeploymentPostprocessing = 0;
		};
/* End PBXResourcesBuildPhase section */

/* Begin PBXSourcesBuildPhase section */
		33D909F71EE7EEBD0056FBCF /* Sources */ = {
			isa = PBXSourcesBuildPhase;
			buildActionMask = 2147483647;
			files = (
				33D90A011EE7EEBD0056FBCF /* ViewController.swift in Sources */,
				33D90A111EE7F0DC0056FBCF /* CatogoriesRow.swift in Sources */,
				33D909FF1EE7EEBD0056FBCF /* AppDelegate.swift in Sources */,
			);
			runOnlyForDeploymentPostprocessing = 0;
		};
/* End PBXSourcesBuildPhase section */

/* Begin PBXVariantGroup section */
		33D90A021EE7EEBD0056FBCF /* Main.storyboard */ = {
			isa = PBXVariantGroup;
			children = (
				33D90A031EE7EEBD0056FBCF /* Base */,
			);
			name = Main.storyboard;
			sourceTree = "<group>";
		};
		33D90A071EE7EEBD0056FBCF /* LaunchScreen.storyboard */ = {
			isa = PBXVariantGroup;
			children = (
				33D90A081EE7EEBD0056FBCF /* Base */,
			);
			name = LaunchScreen.storyboard;
			sourceTree = "<group>";
		};
/* End PBXVariantGroup section */

/* Begin XCBuildConfiguration section */
		33D90A0B1EE7EEBD0056FBCF /* Debug */ = {
			isa = XCBuildConfiguration;
			buildSettings = {
				ALWAYS_SEARCH_USER_PATHS = NO;
				CLANG_ANALYZER_NONNULL = YES;
				CLANG_ANALYZER_NUMBER_OBJECT_CONVERSION = YES_AGGRESSIVE;
				CLANG_CXX_LANGUAGE_STANDARD = "gnu++0x";
				CLANG_CXX_LIBRARY = "libc++";
				CLANG_ENABLE_MODULES = YES;
				CLANG_ENABLE_OBJC_ARC = YES;
				CLANG_WARN_BOOL_CONVERSION = YES;
				CLANG_WARN_CONSTANT_CONVERSION = YES;
				CLANG_WARN_DIRECT_OBJC_ISA_USAGE = YES_ERROR;
				CLANG_WARN_DOCUMENTATION_COMMENTS = YES;
				CLANG_WARN_EMPTY_BODY = YES;
				CLANG_WARN_ENUM_CONVERSION = YES;
				CLANG_WARN_INFINITE_RECURSION = YES;
				CLANG_WARN_INT_CONVERSION = YES;
				CLANG_WARN_OBJC_ROOT_CLASS = YES_ERROR;
				CLANG_WARN_SUSPICIOUS_MOVE = YES;
				CLANG_WARN_UNREACHABLE_CODE = YES;
				CLANG_WARN__DUPLICATE_METHOD_MATCH = YES;
				"CODE_SIGN_IDENTITY[sdk=iphoneos*]" = "iPhone Developer";
				COPY_PHASE_STRIP = NO;
				DEBUG_INFORMATION_FORMAT = dwarf;
				ENABLE_STRICT_OBJC_MSGSEND = YES;
				ENABLE_TESTABILITY = YES;
				GCC_C_LANGUAGE_STANDARD = gnu99;
				GCC_DYNAMIC_NO_PIC = NO;
				GCC_NO_COMMON_BLOCKS = YES;
				GCC_OPTIMIZATION_LEVEL = 0;
				GCC_PREPROCESSOR_DEFINITIONS = (
					"DEBUG=1",
					"$(inherited)",
				);
				GCC_WARN_64_TO_32_BIT_CONVERSION = YES;
				GCC_WARN_ABOUT_RETURN_TYPE = YES_ERROR;
				GCC_WARN_UNDECLARED_SELECTOR = YES;
				GCC_WARN_UNINITIALIZED_AUTOS = YES_AGGRESSIVE;
				GCC_WARN_UNUSED_FUNCTION = YES;
				GCC_WARN_UNUSED_VARIABLE = YES;
				IPHONEOS_DEPLOYMENT_TARGET = 10.3;
				MTL_ENABLE_DEBUG_INFO = YES;
				ONLY_ACTIVE_ARCH = YES;
				SDKROOT = iphoneos;
				SWIFT_ACTIVE_COMPILATION_CONDITIONS = DEBUG;
				SWIFT_OPTIMIZATION_LEVEL = "-Onone";
				TARGETED_DEVICE_FAMILY = "1,2";
			};
			name = Debug;
		};
		33D90A0C1EE7EEBD0056FBCF /* Release */ = {
			isa = XCBuildConfiguration;
			buildSettings = {
				ALWAYS_SEARCH_USER_PATHS = NO;
				CLANG_ANALYZER_NONNULL = YES;
				CLANG_ANALYZER_NUMBER_OBJECT_CONVERSION = YES_AGGRESSIVE;
				CLANG_CXX_LANGUAGE_STANDARD = "gnu++0x";
				CLANG_CXX_LIBRARY = "libc++";
				CLANG_ENABLE_MODULES = YES;
				CLANG_ENABLE_OBJC_ARC = YES;
				CLANG_WARN_BOOL_CONVERSION = YES;
				CLANG_WARN_CONSTANT_CONVERSION = YES;
				CLANG_WARN_DIRECT_OBJC_ISA_USAGE = YES_ERROR;
				CLANG_WARN_DOCUMENTATION_COMMENTS = YES;
				CLANG_WARN_EMPTY_BODY = YES;
				CLANG_WARN_ENUM_CONVERSION = YES;
				CLANG_WARN_INFINITE_RECURSION = YES;
				CLANG_WARN_INT_CONVERSION = YES;
				CLANG_WARN_OBJC_ROOT_CLASS = YES_ERROR;
				CLANG_WARN_SUSPICIOUS_MOVE = YES;
				CLANG_WARN_UNREACHABLE_CODE = YES;
				CLANG_WARN__DUPLICATE_METHOD_MATCH = YES;
				"CODE_SIGN_IDENTITY[sdk=iphoneos*]" = "iPhone Developer";
				COPY_PHASE_STRIP = NO;
				DEBUG_INFORMATION_FORMAT = "dwarf-with-dsym";
				ENABLE_NS_ASSERTIONS = NO;
				ENABLE_STRICT_OBJC_MSGSEND = YES;
				GCC_C_LANGUAGE_STANDARD = gnu99;
				GCC_NO_COMMON_BLOCKS = YES;
				GCC_WARN_64_TO_32_BIT_CONVERSION = YES;
				GCC_WARN_ABOUT_RETURN_TYPE = YES_ERROR;
				GCC_WARN_UNDECLARED_SELECTOR = YES;
				GCC_WARN_UNINITIALIZED_AUTOS = YES_AGGRESSIVE;
				GCC_WARN_UNUSED_FUNCTION = YES;
				GCC_WARN_UNUSED_VARIABLE = YES;
				IPHONEOS_DEPLOYMENT_TARGET = 10.3;
				MTL_ENABLE_DEBUG_INFO = NO;
				SDKROOT = iphoneos;
				SWIFT_OPTIMIZATION_LEVEL = "-Owholemodule";
				TARGETED_DEVICE_FAMILY = "1,2";
				VALIDATE_PRODUCT = YES;
			};
			name = Release;
		};
		33D90A0E1EE7EEBD0056FBCF /* Debug */ = {
			isa = XCBuildConfiguration;
			buildSettings = {
				ASSETCATALOG_COMPILER_APPICON_NAME = AppIcon;
				DEVELOPMENT_TEAM = HV7YQRBGLU;
				INFOPLIST_FILE = TestScrollTableView/Info.plist;
				LD_RUNPATH_SEARCH_PATHS = "$(inherited) @executable_path/Frameworks";
				PRODUCT_BUNDLE_IDENTIFIER = com.hungclo.TestScrollTableView;
				PRODUCT_NAME = "$(TARGET_NAME)";
				SWIFT_VERSION = 3.0;
			};
			name = Debug;
		};
		33D90A0F1EE7EEBD0056FBCF /* Release */ = {
			isa = XCBuildConfiguration;
			buildSettings = {
				ASSETCATALOG_COMPILER_APPICON_NAME = AppIcon;
				DEVELOPMENT_TEAM = HV7YQRBGLU;
				INFOPLIST_FILE = TestScrollTableView/Info.plist;
				LD_RUNPATH_SEARCH_PATHS = "$(inherited) @executable_path/Frameworks";
				PRODUCT_BUNDLE_IDENTIFIER = com.hungclo.TestScrollTableView;
				PRODUCT_NAME = "$(TARGET_NAME)";
				SWIFT_VERSION = 3.0;
			};
			name = Release;
		};
/* End XCBuildConfiguration section */

/* Begin XCConfigurationList section */
		33D909F61EE7EEBC0056FBCF /* Build configuration list for PBXProject "TestScrollTableView" */ = {
			isa = XCConfigurationList;
			buildConfigurations = (
				33D90A0B1EE7EEBD0056FBCF /* Debug */,
				33D90A0C1EE7EEBD0056FBCF /* Release */,
			);
			defaultConfigurationIsVisible = 0;
			defaultConfigurationName = Release;
		};
		33D90A0D1EE7EEBD0056FBCF /* Build configuration list for PBXNativeTarget "TestScrollTableView" */ = {
			isa = XCConfigurationList;
			buildConfigurations = (
				33D90A0E1EE7EEBD0056FBCF /* Debug */,
				33D90A0F1EE7EEBD0056FBCF /* Release */,
			);
			defaultConfigurationIsVisible = 0;
		};
/* End XCConfigurationList section */
	};
	rootObject = 33D909F31EE7EEBC0056FBCF /* Project object */;
}
